
Microsoft Visual Studio Solution File, Format Version 12.00
Project("{FAE04EC0-301F-11D3-BF4B-00C04F79EFBC}") = "FundApps.Engine", "FundApps.Engine\FundApps.Engine.csproj", "{450BC75B-6D48-4036-8DF8-92E5CDAFCCA4}"
EndProject
Project("{FAE04EC0-301F-11D3-BF4B-00C04F79EFBC}") = "FundApps.Engine.Tests", "FundApps.Engine.Tests\FundApps.Engine.Tests.csproj", "{C2CD17E1-4EA8-4A2F-9FC5-3AFD39398B61}"
EndProject
Global
	GlobalSection(SolutionConfigurationPlatforms) = preSolution
		Debug|Any CPU = Debug|Any CPU
		Release|Any CPU = Release|Any CPU
	EndGlobalSection
	GlobalSection(ProjectConfigurationPlatforms) = postSolution
		{450BC75B-6D48-4036-8DF8-92E5CDAFCCA4}.Debug|Any CPU.ActiveCfg = Debug|Any CPU
		{450BC75B-6D48-4036-8DF8-92E5CDAFCCA4}.Debug|Any CPU.Build.0 = Debug|Any CPU
		{450BC75B-6D48-4036-8DF8-92E5CDAFCCA4}.Release|Any CPU.ActiveCfg = Release|Any CPU
		{450BC75B-6D48-4036-8DF8-92E5CDAFCCA4}.Release|Any CPU.Build.0 = Release|Any CPU
		{C2CD17E1-4EA8-4A2F-9FC5-3AFD39398B61}.Debug|Any CPU.ActiveCfg = Debug|Any CPU
		{C2CD17E1-4EA8-4A2F-9FC5-3AFD39398B61}.Debug|Any CPU.Build.0 = Debug|Any CPU
		{C2CD17E1-4EA8-4A2F-9FC5-3AFD39398B61}.Release|Any CPU.ActiveCfg = Release|Any CPU
		{C2CD17E1-4EA8-4A2F-9FC5-3AFD39398B61}.Release|Any CPU.Build.0 = Release|Any CPU
	EndGlobalSection
EndGlobal
